{
  "name": "shift-front-end-react",
  "version": "0.0.1",
  "lockfileVersion": 1,
  "requires": true,
  "dependencies": {
    "react-loading": {
      "version": "2.0.2",
      "resolved": "https://registry.npmjs.org/react-loading/-/react-loading-2.0.2.tgz",
      "integrity": "sha512-jxrr6aZ7tGFGjtvpszks682EpVEgpYiAz5IeFCAoWAtoW3m4oYfNUd+Oys8coHJ6Skb0FRo0RwM7AkUYGtcjIQ=="
    },
    "redux-devtools-extension": {
      "version": "2.13.2",
      "resolved": "https://registry.npmjs.org/redux-devtools-extension/-/redux-devtools-extension-2.13.2.tgz",
      "integrity": "sha1-4Pmo6N/KfBe+kscSSVijuU6ykR0=",
      "dev": true
    }
  }
}
